
Microsoft Visual Studio Solution File, Format Version 12.00
# Visual Studio Version 16
VisualStudioVersion = 16.0.31205.134
MinimumVisualStudioVersion = 10.0.40219.1
Project("{8BC9CEB8-8B4A-11D0-8D11-00A0C91BC942}") = "0512_init_Test", "0512_init_Test.vcxproj", "{C0AFE98D-55A0-48B9-82D3-B1130C90DF42}"
EndProject
Project("{8BC9CEB8-8B4A-11D0-8D11-00A0C91BC942}") = "210512_Chapter2", "..\210512_Chapter2\210512_Chapter2.vcxproj", "{EA663D1E-4EF2-48AA-BD34-65CF3A03D4E9}"
EndProject
Project("{8BC9CEB8-8B4A-11D0-8D11-00A0C91BC942}") = "210513_Chapter3", "..\210513_Chapter3\210513_Chapter3.vcxproj", "{9D7667E7-D43C-4C4E-99F4-10926DBDA752}"
EndProject
Project("{8BC9CEB8-8B4A-11D0-8D11-00A0C91BC942}") = "210513_Chapter4", "..\210513_Chapter4\210513_Chapter4.vcxproj", "{FE47C4C4-C599-43EC-9604-294A815DC1C6}"
EndProject
Project("{8BC9CEB8-8B4A-11D0-8D11-00A0C91BC942}") = "210518_Chapter5", "..\210518_Chapter5\210518_Chapter5.vcxproj", "{FBD86911-F96E-4BB8-87E1-D004E70EDF34}"
EndProject
Project("{8BC9CEB8-8B4A-11D0-8D11-00A0C91BC942}") = "210518_Chapter6", "..\210518_Chapter6\210518_Chapter6.vcxproj", "{A2ED1E07-416B-46FD-BB93-775ED5C7BD0D}"
EndProject
Project("{8BC9CEB8-8B4A-11D0-8D11-00A0C91BC942}") = "210518_Chapter10", "..\210518_Chapter10\210518_Chapter10.vcxproj", "{EFC203AA-20EF-4D68-9B05-79701D1BE668}"
EndProject
Project("{8BC9CEB8-8B4A-11D0-8D11-00A0C91BC942}") = "210518_Chapter9", "..\210518_Chapter9\210518_Chapter9.vcxproj", "{041A89B7-B4D9-436D-AA24-904FF75590BA}"
EndProject
Project("{8BC9CEB8-8B4A-11D0-8D11-00A0C91BC942}") = "210520_Chapter7", "..\210520_Chapter7\210520_Chapter7.vcxproj", "{92B8A38E-5494-44B8-9C4D-114406654C70}"
EndProject
Global
	GlobalSection(SolutionConfigurationPlatforms) = preSolution
		Debug|x64 = Debug|x64
		Debug|x86 = Debug|x86
		Release|x64 = Release|x64
		Release|x86 = Release|x86
	EndGlobalSection
	GlobalSection(ProjectConfigurationPlatforms) = postSolution
		{C0AFE98D-55A0-48B9-82D3-B1130C90DF42}.Debug|x64.ActiveCfg = Debug|x64
		{C0AFE98D-55A0-48B9-82D3-B1130C90DF42}.Debug|x64.Build.0 = Debug|x64
		{C0AFE98D-55A0-48B9-82D3-B1130C90DF42}.Debug|x86.ActiveCfg = Debug|Win32
		{C0AFE98D-55A0-48B9-82D3-B1130C90DF42}.Debug|x86.Build.0 = Debug|Win32
		{C0AFE98D-55A0-48B9-82D3-B1130C90DF42}.Release|x64.ActiveCfg = Release|x64
		{C0AFE98D-55A0-48B9-82D3-B1130C90DF42}.Release|x64.Build.0 = Release|x64
		{C0AFE98D-55A0-48B9-82D3-B1130C90DF42}.Release|x86.ActiveCfg = Release|Win32
		{C0AFE98D-55A0-48B9-82D3-B1130C90DF42}.Release|x86.Build.0 = Release|Win32
		{EA663D1E-4EF2-48AA-BD34-65CF3A03D4E9}.Debug|x64.ActiveCfg = Debug|x64
		{EA663D1E-4EF2-48AA-BD34-65CF3A03D4E9}.Debug|x64.Build.0 = Debug|x64
		{EA663D1E-4EF2-48AA-BD34-65CF3A03D4E9}.Debug|x86.ActiveCfg = Debug|Win32
		{EA663D1E-4EF2-48AA-BD34-65CF3A03D4E9}.Debug|x86.Build.0 = Debug|Win32
		{EA663D1E-4EF2-48AA-BD34-65CF3A03D4E9}.Release|x64.ActiveCfg = Release|x64
		{EA663D1E-4EF2-48AA-BD34-65CF3A03D4E9}.Release|x64.Build.0 = Release|x64
		{EA663D1E-4EF2-48AA-BD34-65CF3A03D4E9}.Release|x86.ActiveCfg = Release|Win32
		{EA663D1E-4EF2-48AA-BD34-65CF3A03D4E9}.Release|x86.Build.0 = Release|Win32
		{9D7667E7-D43C-4C4E-99F4-10926DBDA752}.Debug|x64.ActiveCfg = Debug|x64
		{9D7667E7-D43C-4C4E-99F4-10926DBDA752}.Debug|x64.Build.0 = Debug|x64
		{9D7667E7-D43C-4C4E-99F4-10926DBDA752}.Debug|x86.ActiveCfg = Debug|Win32
		{9D7667E7-D43C-4C4E-99F4-10926DBDA752}.Debug|x86.Build.0 = Debug|Win32
		{9D7667E7-D43C-4C4E-99F4-10926DBDA752}.Release|x64.ActiveCfg = Release|x64
		{9D7667E7-D43C-4C4E-99F4-10926DBDA752}.Release|x64.Build.0 = Release|x64
		{9D7667E7-D43C-4C4E-99F4-10926DBDA752}.Release|x86.ActiveCfg = Release|Win32
		{9D7667E7-D43C-4C4E-99F4-10926DBDA752}.Release|x86.Build.0 = Release|Win32
		{FE47C4C4-C599-43EC-9604-294A815DC1C6}.Debug|x64.ActiveCfg = Debug|x64
		{FE47C4C4-C599-43EC-9604-294A815DC1C6}.Debug|x64.Build.0 = Debug|x64
		{FE47C4C4-C599-43EC-9604-294A815DC1C6}.Debug|x86.ActiveCfg = Debug|Win32
		{FE47C4C4-C599-43EC-9604-294A815DC1C6}.Debug|x86.Build.0 = Debug|Win32
		{FE47C4C4-C599-43EC-9604-294A815DC1C6}.Release|x64.ActiveCfg = Release|x64
		{FE47C4C4-C599-43EC-9604-294A815DC1C6}.Release|x64.Build.0 = Release|x64
		{FE47C4C4-C599-43EC-9604-294A815DC1C6}.Release|x86.ActiveCfg = Release|Win32
		{FE47C4C4-C599-43EC-9604-294A815DC1C6}.Release|x86.Build.0 = Release|Win32
		{FBD86911-F96E-4BB8-87E1-D004E70EDF34}.Debug|x64.ActiveCfg = Debug|x64
		{FBD86911-F96E-4BB8-87E1-D004E70EDF34}.Debug|x64.Build.0 = Debug|x64
		{FBD86911-F96E-4BB8-87E1-D004E70EDF34}.Debug|x86.ActiveCfg = Debug|Win32
		{FBD86911-F96E-4BB8-87E1-D004E70EDF34}.Debug|x86.Build.0 = Debug|Win32
		{FBD86911-F96E-4BB8-87E1-D004E70EDF34}.Release|x64.ActiveCfg = Release|x64
		{FBD86911-F96E-4BB8-87E1-D004E70EDF34}.Release|x64.Build.0 = Release|x64
		{FBD86911-F96E-4BB8-87E1-D004E70EDF34}.Release|x86.ActiveCfg = Release|Win32
		{FBD86911-F96E-4BB8-87E1-D004E70EDF34}.Release|x86.Build.0 = Release|Win32
		{A2ED1E07-416B-46FD-BB93-775ED5C7BD0D}.Debug|x64.ActiveCfg = Debug|x64
		{A2ED1E07-416B-46FD-BB93-775ED5C7BD0D}.Debug|x64.Build.0 = Debug|x64
		{A2ED1E07-416B-46FD-BB93-775ED5C7BD0D}.Debug|x86.ActiveCfg = Debug|Win32
		{A2ED1E07-416B-46FD-BB93-775ED5C7BD0D}.Debug|x86.Build.0 = Debug|Win32
		{A2ED1E07-416B-46FD-BB93-775ED5C7BD0D}.Release|x64.ActiveCfg = Release|x64
		{A2ED1E07-416B-46FD-BB93-775ED5C7BD0D}.Release|x64.Build.0 = Release|x64
		{A2ED1E07-416B-46FD-BB93-775ED5C7BD0D}.Release|x86.ActiveCfg = Release|Win32
		{A2ED1E07-416B-46FD-BB93-775ED5C7BD0D}.Release|x86.Build.0 = Release|Win32
		{EFC203AA-20EF-4D68-9B05-79701D1BE668}.Debug|x64.ActiveCfg = Debug|x64
		{EFC203AA-20EF-4D68-9B05-79701D1BE668}.Debug|x64.Build.0 = Debug|x64
		{EFC203AA-20EF-4D68-9B05-79701D1BE668}.Debug|x86.ActiveCfg = Debug|Win32
		{EFC203AA-20EF-4D68-9B05-79701D1BE668}.Debug|x86.Build.0 = Debug|Win32
		{EFC203AA-20EF-4D68-9B05-79701D1BE668}.Release|x64.ActiveCfg = Release|x64
		{EFC203AA-20EF-4D68-9B05-79701D1BE668}.Release|x64.Build.0 = Release|x64
		{EFC203AA-20EF-4D68-9B05-79701D1BE668}.Release|x86.ActiveCfg = Release|Win32
		{EFC203AA-20EF-4D68-9B05-79701D1BE668}.Release|x86.Build.0 = Release|Win32
		{041A89B7-B4D9-436D-AA24-904FF75590BA}.Debug|x64.ActiveCfg = Debug|x64
		{041A89B7-B4D9-436D-AA24-904FF75590BA}.Debug|x64.Build.0 = Debug|x64
		{041A89B7-B4D9-436D-AA24-904FF75590BA}.Debug|x86.ActiveCfg = Debug|Win32
		{041A89B7-B4D9-436D-AA24-904FF75590BA}.Debug|x86.Build.0 = Debug|Win32
		{041A89B7-B4D9-436D-AA24-904FF75590BA}.Release|x64.ActiveCfg = Release|x64
		{041A89B7-B4D9-436D-AA24-904FF75590BA}.Release|x64.Build.0 = Release|x64
		{041A89B7-B4D9-436D-AA24-904FF75590BA}.Release|x86.ActiveCfg = Release|Win32
		{041A89B7-B4D9-436D-AA24-904FF75590BA}.Release|x86.Build.0 = Release|Win32
		{92B8A38E-5494-44B8-9C4D-114406654C70}.Debug|x64.ActiveCfg = Debug|x64
		{92B8A38E-5494-44B8-9C4D-114406654C70}.Debug|x64.Build.0 = Debug|x64
		{92B8A38E-5494-44B8-9C4D-114406654C70}.Debug|x86.ActiveCfg = Debug|Win32
		{92B8A38E-5494-44B8-9C4D-114406654C70}.Debug|x86.Build.0 = Debug|Win32
		{92B8A38E-5494-44B8-9C4D-114406654C70}.Release|x64.ActiveCfg = Release|x64
		{92B8A38E-5494-44B8-9C4D-114406654C70}.Release|x64.Build.0 = Release|x64
		{92B8A38E-5494-44B8-9C4D-114406654C70}.Release|x86.ActiveCfg = Release|Win32
		{92B8A38E-5494-44B8-9C4D-114406654C70}.Release|x86.Build.0 = Release|Win32
	EndGlobalSection
	GlobalSection(SolutionProperties) = preSolution
		HideSolutionNode = FALSE
	EndGlobalSection
	GlobalSection(ExtensibilityGlobals) = postSolution
		SolutionGuid = {F2FCC6B0-4DC7-42E7-BFDB-2405148E777E}
	EndGlobalSection
EndGlobal
